{
  "name": "foundry-pdf-parser",
  "version": "1.0.0",
  "lockfileVersion": 2,
  "requires": true,
  "packages": {
    "": {
      "name": "foundry-pdf-parser",
      "version": "1.0.0",
      "license": "ISC",
      "dependencies": {
        "pdf2json": "^3.0.2"
      }
    },
    "node_modules/pdf2json": {
      "version": "3.0.2",
      "resolved": "https://registry.npmjs.org/pdf2json/-/pdf2json-3.0.2.tgz",
      "integrity": "sha512-ijl7lnAT7ePGKgl2j8qEmVOERaX190xtvIwYnjZm9ZD3unu/LzHCgkIVhRjB9Q+PqgHkpwqQfJ+w8JfDsq2uaA==",
      "bundleDependencies": [
        "@xmldom/xmldom"
      ],
      "dependencies": {
        "@xmldom/xmldom": "^0.8.6"
      },
      "bin": {
        "pdf2json": "bin/pdf2json"
      },
      "engines": {
        "node": ">=18.12.1",
        "npm": ">=8.19.2"
      }
    },
    "node_modules/pdf2json/node_modules/@xmldom/xmldom": {
      "version": "0.8.6",
      "inBundle": true,
      "license": "MIT",
      "engines": {
        "node": ">=10.0.0"
      }
    }
  },
  "dependencies": {
    "pdf2json": {
      "version": "3.0.2",
      "resolved": "https://registry.npmjs.org/pdf2json/-/pdf2json-3.0.2.tgz",
      "integrity": "sha512-ijl7lnAT7ePGKgl2j8qEmVOERaX190xtvIwYnjZm9ZD3unu/LzHCgkIVhRjB9Q+PqgHkpwqQfJ+w8JfDsq2uaA==",
      "requires": {
        "@xmldom/xmldom": "^0.8.6"
      },
      "dependencies": {
        "@xmldom/xmldom": {
          "version": "0.8.6",
          "bundled": true
        }
      }
    }
  }
}
